
Microsoft Visual Studio Solution File, Format Version 12.00
# Visual Studio Version 16
VisualStudioVersion = 16.0.30523.141
MinimumVisualStudioVersion = 10.0.40219.1
Project("{FAE04EC0-301F-11D3-BF4B-00C04F79EFBC}") = "ILESTGiaSuRating", "ILESTGiaSuRating\ILESTGiaSuRating.csproj", "{540E44DB-90C3-45C0-82CD-4CAFFC6E7C84}"
EndProject
Global
	GlobalSection(SolutionConfigurationPlatforms) = preSolution
		Debug|Any CPU = Debug|Any CPU
		Release|Any CPU = Release|Any CPU
	EndGlobalSection
	GlobalSection(ProjectConfigurationPlatforms) = postSolution
		{540E44DB-90C3-45C0-82CD-4CAFFC6E7C84}.Debug|Any CPU.ActiveCfg = Debug|Any CPU
		{540E44DB-90C3-45C0-82CD-4CAFFC6E7C84}.Debug|Any CPU.Build.0 = Debug|Any CPU
		{540E44DB-90C3-45C0-82CD-4CAFFC6E7C84}.Release|Any CPU.ActiveCfg = Release|Any CPU
		{540E44DB-90C3-45C0-82CD-4CAFFC6E7C84}.Release|Any CPU.Build.0 = Release|Any CPU
	EndGlobalSection
	GlobalSection(SolutionProperties) = preSolution
		HideSolutionNode = FALSE
	EndGlobalSection
	GlobalSection(ExtensibilityGlobals) = postSolution
		SolutionGuid = {012E27C7-2366-4879-885E-5B8C00E53ED5}
	EndGlobalSection
EndGlobal
